
Microsoft Visual Studio Solution File, Format Version 12.00
# Visual Studio 15
VisualStudioVersion = 15.0.28307.572
MinimumVisualStudioVersion = 10.0.40219.1
Project("{FAE04EC0-301F-11D3-BF4B-00C04F79EFBC}") = "Exercicio 3", "Exercicio 3\Exercicio 3.csproj", "{7CFEC8A4-CB8E-46B8-89E5-2E816FD761E6}"
EndProject
Global
	GlobalSection(SolutionConfigurationPlatforms) = preSolution
		Debug|Any CPU = Debug|Any CPU
		Release|Any CPU = Release|Any CPU
	EndGlobalSection
	GlobalSection(ProjectConfigurationPlatforms) = postSolution
		{7CFEC8A4-CB8E-46B8-89E5-2E816FD761E6}.Debug|Any CPU.ActiveCfg = Debug|Any CPU
		{7CFEC8A4-CB8E-46B8-89E5-2E816FD761E6}.Debug|Any CPU.Build.0 = Debug|Any CPU
		{7CFEC8A4-CB8E-46B8-89E5-2E816FD761E6}.Release|Any CPU.ActiveCfg = Release|Any CPU
		{7CFEC8A4-CB8E-46B8-89E5-2E816FD761E6}.Release|Any CPU.Build.0 = Release|Any CPU
	EndGlobalSection
	GlobalSection(SolutionProperties) = preSolution
		HideSolutionNode = FALSE
	EndGlobalSection
	GlobalSection(ExtensibilityGlobals) = postSolution
		SolutionGuid = {3F3485FD-51EC-40F3-95F4-5661DAAAD122}
	EndGlobalSection
EndGlobal
