
Microsoft Visual Studio Solution File, Format Version 12.00
# Visual Studio 15
VisualStudioVersion = 15.0.28307.572
MinimumVisualStudioVersion = 10.0.40219.1
Project("{FAE04EC0-301F-11D3-BF4B-00C04F79EFBC}") = "Exercicio 2", "Exercicio 2\Exercicio 2.csproj", "{682BDDD4-AE96-47E4-B933-F1781FB5F54D}"
EndProject
Global
	GlobalSection(SolutionConfigurationPlatforms) = preSolution
		Debug|Any CPU = Debug|Any CPU
		Release|Any CPU = Release|Any CPU
	EndGlobalSection
	GlobalSection(ProjectConfigurationPlatforms) = postSolution
		{682BDDD4-AE96-47E4-B933-F1781FB5F54D}.Debug|Any CPU.ActiveCfg = Debug|Any CPU
		{682BDDD4-AE96-47E4-B933-F1781FB5F54D}.Debug|Any CPU.Build.0 = Debug|Any CPU
		{682BDDD4-AE96-47E4-B933-F1781FB5F54D}.Release|Any CPU.ActiveCfg = Release|Any CPU
		{682BDDD4-AE96-47E4-B933-F1781FB5F54D}.Release|Any CPU.Build.0 = Release|Any CPU
	EndGlobalSection
	GlobalSection(SolutionProperties) = preSolution
		HideSolutionNode = FALSE
	EndGlobalSection
	GlobalSection(ExtensibilityGlobals) = postSolution
		SolutionGuid = {F8D91C56-3A87-4EE5-BD0F-D096F5F5F8FF}
	EndGlobalSection
EndGlobal
